{
  "name": "rehype-shiki",
  "version": "0.0.1",
  "lockfileVersion": 1,
  "requires": true,
  "dependencies": {
    "hast-util-to-string": {
      "version": "1.0.1",
      "resolved": "https://registry.npmjs.org/hast-util-to-string/-/hast-util-to-string-1.0.1.tgz",
      "integrity": "sha512-EC6awGe0ZMUNYmS2hMVaKZxvjVtQA4RhXjtgE20AxGG49MM7OUUfaHc6VcVYv2YwzNlrZQGe5teimCxW1Rk+fA=="
    },
    "lru-cache": {
      "version": "4.1.5",
      "resolved": "https://registry.npmjs.org/lru-cache/-/lru-cache-4.1.5.tgz",
      "integrity": "sha512-sWZlbEP2OsHNkXrMl5GYk/jKk70MBng6UU4YI/qGDYbgf6YbP4EvmqISbXCoJiRKs+1bSpFHVgQxvJ17F2li5g==",
      "requires": {
        "pseudomap": "^1.0.2",
        "yallist": "^2.1.2"
      }
    },
    "object-assign": {
      "version": "4.1.1",
      "resolved": "https://registry.npmjs.org/object-assign/-/object-assign-4.1.1.tgz",
      "integrity": "sha1-IQmtx5ZYh8/AXLvUQsrIv7s2CGM="
    },
    "onigasm": {
      "version": "2.2.2",
      "resolved": "https://registry.npmjs.org/onigasm/-/onigasm-2.2.2.tgz",
      "integrity": "sha512-TQTMk+RmPYx4sGzNAgV0q7At7PABDNHVqZBlC4aRXHg8hpCdemLOF0qq0gUCjwUbc7mhJMBOo3XpTRYwyr45Gw==",
      "requires": {
        "lru-cache": "^4.1.1"
      }
    },
    "pseudomap": {
      "version": "1.0.2",
      "resolved": "https://registry.npmjs.org/pseudomap/-/pseudomap-1.0.2.tgz",
      "integrity": "sha1-8FKijacOYYkX7wqKw0wa5aaChrM="
    },
    "shiki": {
      "version": "0.1.4",
      "resolved": "https://registry.npmjs.org/shiki/-/shiki-0.1.4.tgz",
      "integrity": "sha512-NnBmbSCaKGKQ4PZ4WHjhtTQgDLCw+wJfxxPOPekwAcsFMg5OhPvfIlq8AjbXZJV1D8QwKyNiSPpwLYV5Z8/ewQ==",
      "requires": {
        "onigasm": "^2.2.1",
        "shiki-languages": "^0.1.4",
        "shiki-themes": "^0.1.4",
        "vscode-textmate": "git+https://github.com/octref/vscode-textmate.git#e65aabe2227febda7beaad31dd0fca1228c5ddf3"
      }
    },
    "shiki-languages": {
      "version": "0.1.4",
      "resolved": "https://registry.npmjs.org/shiki-languages/-/shiki-languages-0.1.4.tgz",
      "integrity": "sha512-hAjiX9YL39AA+ozjo50+20qgt6KWJ/3lcNjmqShtUZYOXakHekon3Rd8Fzq8xSUnA3UFTlwpovAZ2nzFrTFFyA==",
      "requires": {
        "vscode-textmate": "git+https://github.com/octref/vscode-textmate.git#e65aabe2227febda7beaad31dd0fca1228c5ddf3"
      }
    },
    "shiki-themes": {
      "version": "0.1.4",
      "resolved": "https://registry.npmjs.org/shiki-themes/-/shiki-themes-0.1.4.tgz",
      "integrity": "sha512-4rRmKEyqLW4X1nUF6cGkS+dD4hmLDlNkEUn4dPIlsKv36XUgbEIC/GbR0SGEkcmPT9yuibjotzQw+PVS0Rls/w==",
      "requires": {
        "vscode-textmate": "git+https://github.com/octref/vscode-textmate.git#e65aabe2227febda7beaad31dd0fca1228c5ddf3"
      }
    },
    "unist-builder": {
      "version": "1.0.4",
      "resolved": "https://registry.npmjs.org/unist-builder/-/unist-builder-1.0.4.tgz",
      "integrity": "sha512-v6xbUPP7ILrT15fHGrNyHc1Xda8H3xVhP7/HAIotHOhVPjH5dCXA097C3Rry1Q2O+HbOLCao4hfPB+EYEjHgVg==",
      "requires": {
        "object-assign": "^4.1.0"
      }
    },
    "unist-util-is": {
      "version": "2.1.3",
      "resolved": "https://registry.npmjs.org/unist-util-is/-/unist-util-is-2.1.3.tgz",
      "integrity": "sha512-4WbQX2iwfr/+PfM4U3zd2VNXY+dWtZsN1fLnWEi2QQXA4qyDYAZcDMfXUX0Cu6XZUHHAO9q4nyxxLT4Awk1qUA=="
    },
    "unist-util-visit": {
      "version": "1.4.1",
      "resolved": "https://registry.npmjs.org/unist-util-visit/-/unist-util-visit-1.4.1.tgz",
      "integrity": "sha512-AvGNk7Bb//EmJZyhtRUnNMEpId/AZ5Ph/KUpTI09WHQuDZHKovQ1oEv3mfmKpWKtoMzyMC4GLBm1Zy5k12fjIw==",
      "requires": {
        "unist-util-visit-parents": "^2.0.0"
      }
    },
    "unist-util-visit-parents": {
      "version": "2.1.1",
      "resolved": "https://registry.npmjs.org/unist-util-visit-parents/-/unist-util-visit-parents-2.1.1.tgz",
      "integrity": "sha512-/vuqJFrPaWX2QpW3WqOfnvRmqqlPux5BlWMRcUYm8QO5odQJ9XTGoonFYT9hzJXrpT+AmNMKQjK/9xMB5DaLhw==",
      "requires": {
        "unist-util-is": "^2.1.2"
      }
    },
    "vscode-textmate": {
      "version": "git+https://github.com/octref/vscode-textmate.git#e65aabe2227febda7beaad31dd0fca1228c5ddf3",
      "from": "git+https://github.com/octref/vscode-textmate.git"
    },
    "yallist": {
      "version": "2.1.2",
      "resolved": "https://registry.npmjs.org/yallist/-/yallist-2.1.2.tgz",
      "integrity": "sha1-HBH5IY8HYImkfdUS+TxmmaaoHVI="
    }
  }
}
